// !$*UTF8*$!
{
	archiveVersion = 1;
	classes = {
	};
	objectVersion = 50;
	objects = {

/* Begin PBXBuildFile section */
		1D29B3042305126100CC06EF /* AppDelegate.swift in Sources */ = {isa = PBXBuildFile; fileRef = 1D29B3032305126100CC06EF /* AppDelegate.swift */; };
		1D29B3062305126200CC06EF /* Assets.xcassets in Resources */ = {isa = PBXBuildFile; fileRef = 1D29B3052305126200CC06EF /* Assets.xcassets */; };
		1D29B3092305126200CC06EF /* MainMenu.xib in Resources */ = {isa = PBXBuildFile; fileRef = 1D29B3072305126200CC06EF /* MainMenu.xib */; };
		1D29B313230512EC00CC06EF /* TableViewController.swift in Sources */ = {isa = PBXBuildFile; fileRef = 1D29B311230512EC00CC06EF /* TableViewController.swift */; };
		1D29B314230512EC00CC06EF /* TableViewController.xib in Resources */ = {isa = PBXBuildFile; fileRef = 1D29B312230512EC00CC06EF /* TableViewController.xib */; };
		1D492B76230516B2006686A1 /* SystemIcons.swift in Sources */ = {isa = PBXBuildFile; fileRef = 1D492B75230516B2006686A1 /* SystemIcons.swift */; };
/* End PBXBuildFile section */

/* Begin PBXFileReference section */
		1D29B3002305126100CC06EF /* Lesson 4.app */ = {isa = PBXFileReference; explicitFileType = wrapper.application; includeInIndex = 0; path = "Lesson 4.app"; sourceTree = BUILT_PRODUCTS_DIR; };
		1D29B3032305126100CC06EF /* AppDelegate.swift */ = {isa = PBXFileReference; lastKnownFileType = sourcecode.swift; path = AppDelegate.swift; sourceTree = "<group>"; };
		1D29B3052305126200CC06EF /* Assets.xcassets */ = {isa = PBXFileReference; lastKnownFileType = folder.assetcatalog; path = Assets.xcassets; sourceTree = "<group>"; };
		1D29B3082305126200CC06EF /* Base */ = {isa = PBXFileReference; lastKnownFileType = file.xib; name = Base; path = Base.lproj/MainMenu.xib; sourceTree = "<group>"; };
		1D29B30A2305126200CC06EF /* Info.plist */ = {isa = PBXFileReference; lastKnownFileType = text.plist.xml; path = Info.plist; sourceTree = "<group>"; };
		1D29B30B2305126200CC06EF /* Lesson_4.entitlements */ = {isa = PBXFileReference; lastKnownFileType = text.plist.entitlements; path = Lesson_4.entitlements; sourceTree = "<group>"; };
		1D29B311230512EC00CC06EF /* TableViewController.swift */ = {isa = PBXFileReference; lastKnownFileType = sourcecode.swift; path = TableViewController.swift; sourceTree = "<group>"; };
		1D29B312230512EC00CC06EF /* TableViewController.xib */ = {isa = PBXFileReference; lastKnownFileType = file.xib; path = TableViewController.xib; sourceTree = "<group>"; };
		1D492B75230516B2006686A1 /* SystemIcons.swift */ = {isa = PBXFileReference; lastKnownFileType = sourcecode.swift; path = SystemIcons.swift; sourceTree = "<group>"; };
/* End PBXFileReference section */

/* Begin PBXFrameworksBuildPhase section */
		1D29B2FD2305126100CC06EF /* Frameworks */ = {
			isa = PBXFrameworksBuildPhase;
			buildActionMask = 2147483647;
			files = (
			);
			runOnlyForDeploymentPostprocessing = 0;
		};
/* End PBXFrameworksBuildPhase section */

/* Begin PBXGroup section */
		1D29B2F72305126100CC06EF = {
			isa = PBXGroup;
			children = (
				1D29B3022305126100CC06EF /* Lesson 4 */,
				1D29B3012305126100CC06EF /* Products */,
			);
			sourceTree = "<group>";
		};
		1D29B3012305126100CC06EF /* Products */ = {
			isa = PBXGroup;
			children = (
				1D29B3002305126100CC06EF /* Lesson 4.app */,
			);
			name = Products;
			sourceTree = "<group>";
		};
		1D29B3022305126100CC06EF /* Lesson 4 */ = {
			isa = PBXGroup;
			children = (
				1D29B3032305126100CC06EF /* AppDelegate.swift */,
				1D492B7923051735006686A1 /* View Controllers */,
				1D492B782305172B006686A1 /* Models */,
				1D29B3052305126200CC06EF /* Assets.xcassets */,
				1D29B3072305126200CC06EF /* MainMenu.xib */,
				1D29B30A2305126200CC06EF /* Info.plist */,
				1D29B30B2305126200CC06EF /* Lesson_4.entitlements */,
			);
			path = "Lesson 4";
			sourceTree = "<group>";
		};
		1D492B782305172B006686A1 /* Models */ = {
			isa = PBXGroup;
			children = (
				1D492B75230516B2006686A1 /* SystemIcons.swift */,
			);
			path = Models;
			sourceTree = "<group>";
		};
		1D492B7923051735006686A1 /* View Controllers */ = {
			isa = PBXGroup;
			children = (
				1D29B311230512EC00CC06EF /* TableViewController.swift */,
				1D29B312230512EC00CC06EF /* TableViewController.xib */,
			);
			path = "View Controllers";
			sourceTree = "<group>";
		};
/* End PBXGroup section */

/* Begin PBXNativeTarget section */
		1D29B2FF2305126100CC06EF /* Lesson 4 */ = {
			isa = PBXNativeTarget;
			buildConfigurationList = 1D29B30E2305126200CC06EF /* Build configuration list for PBXNativeTarget "Lesson 4" */;
			buildPhases = (
				1D29B2FC2305126100CC06EF /* Sources */,
				1D29B2FD2305126100CC06EF /* Frameworks */,
				1D29B2FE2305126100CC06EF /* Resources */,
			);
			buildRules = (
			);
			dependencies = (
			);
			name = "Lesson 4";
			productName = "Lesson 4";
			productReference = 1D29B3002305126100CC06EF /* Lesson 4.app */;
			productType = "com.apple.product-type.application";
		};
/* End PBXNativeTarget section */

/* Begin PBXProject section */
		1D29B2F82305126100CC06EF /* Project object */ = {
			isa = PBXProject;
			attributes = {
				LastSwiftUpdateCheck = 1030;
				LastUpgradeCheck = 1030;
				ORGANIZATIONNAME = "Lucas Derraugh";
				TargetAttributes = {
					1D29B2FF2305126100CC06EF = {
						CreatedOnToolsVersion = 10.3;
					};
				};
			};
			buildConfigurationList = 1D29B2FB2305126100CC06EF /* Build configuration list for PBXProject "Lesson 4" */;
			compatibilityVersion = "Xcode 9.3";
			developmentRegion = en;
			hasScannedForEncodings = 0;
			knownRegions = (
				en,
				Base,
			);
			mainGroup = 1D29B2F72305126100CC06EF;
			productRefGroup = 1D29B3012305126100CC06EF /* Products */;
			projectDirPath = "";
			projectRoot = "";
			targets = (
				1D29B2FF2305126100CC06EF /* Lesson 4 */,
			);
		};
/* End PBXProject section */

/* Begin PBXResourcesBuildPhase section */
		1D29B2FE2305126100CC06EF /* Resources */ = {
			isa = PBXResourcesBuildPhase;
			buildActionMask = 2147483647;
			files = (
				1D29B314230512EC00CC06EF /* TableViewController.xib in Resources */,
				1D29B3062305126200CC06EF /* Assets.xcassets in Resources */,
				1D29B3092305126200CC06EF /* MainMenu.xib in Resources */,
			);
			runOnlyForDeploymentPostprocessing = 0;
		};
/* End PBXResourcesBuildPhase section */

/* Begin PBXSourcesBuildPhase section */
		1D29B2FC2305126100CC06EF /* Sources */ = {
			isa = PBXSourcesBuildPhase;
			buildActionMask = 2147483647;
			files = (
				1D29B3042305126100CC06EF /* AppDelegate.swift in Sources */,
				1D492B76230516B2006686A1 /* SystemIcons.swift in Sources */,
				1D29B313230512EC00CC06EF /* TableViewController.swift in Sources */,
			);
			runOnlyForDeploymentPostprocessing = 0;
		};
/* End PBXSourcesBuildPhase section */

/* Begin PBXVariantGroup section */
		1D29B3072305126200CC06EF /* MainMenu.xib */ = {
			isa = PBXVariantGroup;
			children = (
				1D29B3082305126200CC06EF /* Base */,
			);
			name = MainMenu.xib;
			sourceTree = "<group>";
		};
/* End PBXVariantGroup section */

/* Begin XCBuildConfiguration section */
		1D29B30C2305126200CC06EF /* Debug */ = {
			isa = XCBuildConfiguration;
			buildSettings = {
				ALWAYS_SEARCH_USER_PATHS = NO;
				CLANG_ANALYZER_NONNULL = YES;
				CLANG_ANALYZER_NUMBER_OBJECT_CONVERSION = YES_AGGRESSIVE;
				CLANG_CXX_LANGUAGE_STANDARD = "gnu++14";
				CLANG_CXX_LIBRARY = "libc++";
				CLANG_ENABLE_MODULES = YES;
				CLANG_ENABLE_OBJC_ARC = YES;
				CLANG_ENABLE_OBJC_WEAK = YES;
				CLANG_WARN_BLOCK_CAPTURE_AUTORELEASING = YES;
				CLANG_WARN_BOOL_CONVERSION = YES;
				CLANG_WARN_COMMA = YES;
				CLANG_WARN_CONSTANT_CONVERSION = YES;
				CLANG_WARN_DEPRECATED_OBJC_IMPLEMENTATIONS = YES;
				CLANG_WARN_DIRECT_OBJC_ISA_USAGE = YES_ERROR;
				CLANG_WARN_DOCUMENTATION_COMMENTS = YES;
				CLANG_WARN_EMPTY_BODY = YES;
				CLANG_WARN_ENUM_CONVERSION = YES;
				CLANG_WARN_INFINITE_RECURSION = YES;
				CLANG_WARN_INT_CONVERSION = YES;
				CLANG_WARN_NON_LITERAL_NULL_CONVERSION = YES;
				CLANG_WARN_OBJC_IMPLICIT_RETAIN_SELF = YES;
				CLANG_WARN_OBJC_LITERAL_CONVERSION = YES;
				CLANG_WARN_OBJC_ROOT_CLASS = YES_ERROR;
				CLANG_WARN_RANGE_LOOP_ANALYSIS = YES;
				CLANG_WARN_STRICT_PROTOTYPES = YES;
				CLANG_WARN_SUSPICIOUS_MOVE = YES;
				CLANG_WARN_UNGUARDED_AVAILABILITY = YES_AGGRESSIVE;
				CLANG_WARN_UNREACHABLE_CODE = YES;
				CLANG_WARN__DUPLICATE_METHOD_MATCH = YES;
				CODE_SIGN_IDENTITY = "Mac Developer";
				COPY_PHASE_STRIP = NO;
				DEBUG_INFORMATION_FORMAT = dwarf;
				ENABLE_STRICT_OBJC_MSGSEND = YES;
				ENABLE_TESTABILITY = YES;
				GCC_C_LANGUAGE_STANDARD = gnu11;
				GCC_DYNAMIC_NO_PIC = NO;
				GCC_NO_COMMON_BLOCKS = YES;
				GCC_OPTIMIZATION_LEVEL = 0;
				GCC_PREPROCESSOR_DEFINITIONS = (
					"DEBUG=1",
					"$(inherited)",
				);
				GCC_WARN_64_TO_32_BIT_CONVERSION = YES;
				GCC_WARN_ABOUT_RETURN_TYPE = YES_ERROR;
				GCC_WARN_UNDECLARED_SELECTOR = YES;
				GCC_WARN_UNINITIALIZED_AUTOS = YES_AGGRESSIVE;
				GCC_WARN_UNUSED_FUNCTION = YES;
				GCC_WARN_UNUSED_VARIABLE = YES;
				MACOSX_DEPLOYMENT_TARGET = 10.14;
				MTL_ENABLE_DEBUG_INFO = INCLUDE_SOURCE;
				MTL_FAST_MATH = YES;
				ONLY_ACTIVE_ARCH = YES;
				SDKROOT = macosx;
				SWIFT_ACTIVE_COMPILATION_CONDITIONS = DEBUG;
				SWIFT_OPTIMIZATION_LEVEL = "-Onone";
			};
			name = Debug;
		};
		1D29B30D2305126200CC06EF /* Release */ = {
			isa = XCBuildConfiguration;
			buildSettings = {
				ALWAYS_SEARCH_USER_PATHS = NO;
				CLANG_ANALYZER_NONNULL = YES;
				CLANG_ANALYZER_NUMBER_OBJECT_CONVERSION = YES_AGGRESSIVE;
				CLANG_CXX_LANGUAGE_STANDARD = "gnu++14";
				CLANG_CXX_LIBRARY = "libc++";
				CLANG_ENABLE_MODULES = YES;
				CLANG_ENABLE_OBJC_ARC = YES;
				CLANG_ENABLE_OBJC_WEAK = YES;
				CLANG_WARN_BLOCK_CAPTURE_AUTORELEASING = YES;
				CLANG_WARN_BOOL_CONVERSION = YES;
				CLANG_WARN_COMMA = YES;
				CLANG_WARN_CONSTANT_CONVERSION = YES;
				CLANG_WARN_DEPRECATED_OBJC_IMPLEMENTATIONS = YES;
				CLANG_WARN_DIRECT_OBJC_ISA_USAGE = YES_ERROR;
				CLANG_WARN_DOCUMENTATION_COMMENTS = YES;
				CLANG_WARN_EMPTY_BODY = YES;
				CLANG_WARN_ENUM_CONVERSION = YES;
				CLANG_WARN_INFINITE_RECURSION = YES;
				CLANG_WARN_INT_CONVERSION = YES;
				CLANG_WARN_NON_LITERAL_NULL_CONVERSION = YES;
				CLANG_WARN_OBJC_IMPLICIT_RETAIN_SELF = YES;
				CLANG_WARN_OBJC_LITERAL_CONVERSION = YES;
				CLANG_WARN_OBJC_ROOT_CLASS = YES_ERROR;
				CLANG_WARN_RANGE_LOOP_ANALYSIS = YES;
				CLANG_WARN_STRICT_PROTOTYPES = YES;
				CLANG_WARN_SUSPICIOUS_MOVE = YES;
				CLANG_WARN_UNGUARDED_AVAILABILITY = YES_AGGRESSIVE;
				CLANG_WARN_UNREACHABLE_CODE = YES;
				CLANG_WARN__DUPLICATE_METHOD_MATCH = YES;
				CODE_SIGN_IDENTITY = "Mac Developer";
				COPY_PHASE_STRIP = NO;
				DEBUG_INFORMATION_FORMAT = "dwarf-with-dsym";
				ENABLE_NS_ASSERTIONS = NO;
				ENABLE_STRICT_OBJC_MSGSEND = YES;
				GCC_C_LANGUAGE_STANDARD = gnu11;
				GCC_NO_COMMON_BLOCKS = YES;
				GCC_WARN_64_TO_32_BIT_CONVERSION = YES;
				GCC_WARN_ABOUT_RETURN_TYPE = YES_ERROR;
				GCC_WARN_UNDECLARED_SELECTOR = YES;
				GCC_WARN_UNINITIALIZED_AUTOS = YES_AGGRESSIVE;
				GCC_WARN_UNUSED_FUNCTION = YES;
				GCC_WARN_UNUSED_VARIABLE = YES;
				MACOSX_DEPLOYMENT_TARGET = 10.14;
				MTL_ENABLE_DEBUG_INFO = NO;
				MTL_FAST_MATH = YES;
				SDKROOT = macosx;
				SWIFT_COMPILATION_MODE = wholemodule;
				SWIFT_OPTIMIZATION_LEVEL = "-O";
			};
			name = Release;
		};
		1D29B30F2305126200CC06EF /* Debug */ = {
			isa = XCBuildConfiguration;
			buildSettings = {
				ASSETCATALOG_COMPILER_APPICON_NAME = AppIcon;
				CODE_SIGN_ENTITLEMENTS = "Lesson 4/Lesson_4.entitlements";
				CODE_SIGN_STYLE = Automatic;
				COMBINE_HIDPI_IMAGES = YES;
				DEVELOPMENT_TEAM = FP44AY6HHW;
				INFOPLIST_FILE = "Lesson 4/Info.plist";
				LD_RUNPATH_SEARCH_PATHS = (
					"$(inherited)",
					"@executable_path/../Frameworks",
				);
				PRODUCT_BUNDLE_IDENTIFIER = "com.lucasderraugh.Lesson-4";
				PRODUCT_NAME = "$(TARGET_NAME)";
				SWIFT_VERSION = 5.0;
			};
			name = Debug;
		};
		1D29B3102305126200CC06EF /* Release */ = {
			isa = XCBuildConfiguration;
			buildSettings = {
				ASSETCATALOG_COMPILER_APPICON_NAME = AppIcon;
				CODE_SIGN_ENTITLEMENTS = "Lesson 4/Lesson_4.entitlements";
				CODE_SIGN_STYLE = Automatic;
				COMBINE_HIDPI_IMAGES = YES;
				DEVELOPMENT_TEAM = FP44AY6HHW;
				INFOPLIST_FILE = "Lesson 4/Info.plist";
				LD_RUNPATH_SEARCH_PATHS = (
					"$(inherited)",
					"@executable_path/../Frameworks",
				);
				PRODUCT_BUNDLE_IDENTIFIER = "com.lucasderraugh.Lesson-4";
				PRODUCT_NAME = "$(TARGET_NAME)";
				SWIFT_VERSION = 5.0;
			};
			name = Release;
		};
/* End XCBuildConfiguration section */

/* Begin XCConfigurationList section */
		1D29B2FB2305126100CC06EF /* Build configuration list for PBXProject "Lesson 4" */ = {
			isa = XCConfigurationList;
			buildConfigurations = (
				1D29B30C2305126200CC06EF /* Debug */,
				1D29B30D2305126200CC06EF /* Release */,
			);
			defaultConfigurationIsVisible = 0;
			defaultConfigurationName = Release;
		};
		1D29B30E2305126200CC06EF /* Build configuration list for PBXNativeTarget "Lesson 4" */ = {
			isa = XCConfigurationList;
			buildConfigurations = (
				1D29B30F2305126200CC06EF /* Debug */,
				1D29B3102305126200CC06EF /* Release */,
			);
			defaultConfigurationIsVisible = 0;
			defaultConfigurationName = Release;
		};
/* End XCConfigurationList section */
	};
	rootObject = 1D29B2F82305126100CC06EF /* Project object */;
}
